{
  "name": "shirase",
  "version": "0.0.1",
  "lockfileVersion": 1,
  "requires": true,
  "dependencies": {
    "@arcsine/win-info": {
      "version": "0.1.2",
      "resolved": "https://registry.npmjs.org/@arcsine/win-info/-/win-info-0.1.2.tgz",
      "integrity": "sha512-uUfmu44I6nYSh1c4JQWAoqE4rMbSukRaW8q7jzxNesLl76jeYSEdUZmRFrzyRiiAgGXYOMm3NEIntqbyF1AqQw=="
    },
    "anitomy-js": {
      "version": "3.0.1",
      "resolved": "https://registry.npmjs.org/anitomy-js/-/anitomy-js-3.0.1.tgz",
      "integrity": "sha512-L9llUcXPMxYuBorrNtvwc3Fu3XMiTRXAAXhXV2jl+fteZfOE1UaUxDbUjysrtWKzhBLSlFM9socO+LK/IFL2ig==",
      "requires": {
        "nan": "^2.12.1"
      }
    },
    "lodash": {
      "version": "4.17.11",
      "resolved": "https://registry.npmjs.org/lodash/-/lodash-4.17.11.tgz",
      "integrity": "sha512-cQKh8igo5QUhZ7lg38DYWAxMvjSAKG0A8wGSVimP07SIUEK2UO+arSRKbRZWtelMtN5V0Hkwh5ryOto/SshYIg=="
    },
    "nan": {
      "version": "2.12.1",
      "resolved": "https://registry.npmjs.org/nan/-/nan-2.12.1.tgz",
      "integrity": "sha512-JY7V6lRkStKcKTvHO5NVSQRv+RV+FIL5pvDoLiAtSL9pKlC5x9PKQcZDsq7m4FO4d57mkhC6Z+QhAh3Jdk5JFw=="
    },
    "systeminformation": {
      "version": "4.0.9",
      "resolved": "https://registry.npmjs.org/systeminformation/-/systeminformation-4.0.9.tgz",
      "integrity": "sha512-7GS8+s5RYpD0uxWvpot6XKb4ixjg+Py/hq/jpUVgIHGSmuMay6Xy4BedzXuu4ATbmiF37oHfSfwgAAA/Y7OvRg=="
    }
  }
}
